// !$*UTF8*$!
{
	archiveVersion = 1;
	classes = {
	};
	objectVersion = 46;
	objects = {

/* Begin PBXBuildFile section */
		868FBCFD1C812AA100F8F412 /* AppDelegate.swift in Sources */ = {isa = PBXBuildFile; fileRef = 868FBCFC1C812AA100F8F412 /* AppDelegate.swift */; };
		868FBCFF1C812AA100F8F412 /* ViewController.swift in Sources */ = {isa = PBXBuildFile; fileRef = 868FBCFE1C812AA100F8F412 /* ViewController.swift */; };
		868FBD021C812AA100F8F412 /* Main.storyboard in Resources */ = {isa = PBXBuildFile; fileRef = 868FBD001C812AA100F8F412 /* Main.storyboard */; };
		868FBD051C812AA100F8F412 /* TestMax.xcdatamodeld in Sources */ = {isa = PBXBuildFile; fileRef = 868FBD031C812AA100F8F412 /* TestMax.xcdatamodeld */; };
		868FBD071C812AA100F8F412 /* Assets.xcassets in Resources */ = {isa = PBXBuildFile; fileRef = 868FBD061C812AA100F8F412 /* Assets.xcassets */; };
		868FBD0A1C812AA100F8F412 /* LaunchScreen.storyboard in Resources */ = {isa = PBXBuildFile; fileRef = 868FBD081C812AA100F8F412 /* LaunchScreen.storyboard */; };
		868FBD151C812AA100F8F412 /* TestMaxTests.swift in Sources */ = {isa = PBXBuildFile; fileRef = 868FBD141C812AA100F8F412 /* TestMaxTests.swift */; };
		868FBD201C812AA100F8F412 /* TestMaxUITests.swift in Sources */ = {isa = PBXBuildFile; fileRef = 868FBD1F1C812AA100F8F412 /* TestMaxUITests.swift */; };
/* End PBXBuildFile section */

/* Begin PBXContainerItemProxy section */
		868FBD111C812AA100F8F412 /* PBXContainerItemProxy */ = {
			isa = PBXContainerItemProxy;
			containerPortal = 868FBCF11C812AA000F8F412 /* Project object */;
			proxyType = 1;
			remoteGlobalIDString = 868FBCF81C812AA100F8F412;
			remoteInfo = TestMax;
		};
		868FBD1C1C812AA100F8F412 /* PBXContainerItemProxy */ = {
			isa = PBXContainerItemProxy;
			containerPortal = 868FBCF11C812AA000F8F412 /* Project object */;
			proxyType = 1;
			remoteGlobalIDString = 868FBCF81C812AA100F8F412;
			remoteInfo = TestMax;
		};
/* End PBXContainerItemProxy section */

/* Begin PBXFileReference section */
		868FBCF91C812AA100F8F412 /* TestMax.app */ = {isa = PBXFileReference; explicitFileType = wrapper.application; includeInIndex = 0; path = TestMax.app; sourceTree = BUILT_PRODUCTS_DIR; };
		868FBCFC1C812AA100F8F412 /* AppDelegate.swift */ = {isa = PBXFileReference; lastKnownFileType = sourcecode.swift; path = AppDelegate.swift; sourceTree = "<group>"; };
		868FBCFE1C812AA100F8F412 /* ViewController.swift */ = {isa = PBXFileReference; lastKnownFileType = sourcecode.swift; path = ViewController.swift; sourceTree = "<group>"; };
		868FBD011C812AA100F8F412 /* Base */ = {isa = PBXFileReference; lastKnownFileType = file.storyboard; name = Base; path = Base.lproj/Main.storyboard; sourceTree = "<group>"; };
		868FBD041C812AA100F8F412 /* TestMax.xcdatamodel */ = {isa = PBXFileReference; lastKnownFileType = wrapper.xcdatamodel; path = TestMax.xcdatamodel; sourceTree = "<group>"; };
		868FBD061C812AA100F8F412 /* Assets.xcassets */ = {isa = PBXFileReference; lastKnownFileType = folder.assetcatalog; path = Assets.xcassets; sourceTree = "<group>"; };
		868FBD091C812AA100F8F412 /* Base */ = {isa = PBXFileReference; lastKnownFileType = file.storyboard; name = Base; path = Base.lproj/LaunchScreen.storyboard; sourceTree = "<group>"; };
		868FBD0B1C812AA100F8F412 /* Info.plist */ = {isa = PBXFileReference; lastKnownFileType = text.plist.xml; path = Info.plist; sourceTree = "<group>"; };
		868FBD101C812AA100F8F412 /* TestMaxTests.xctest */ = {isa = PBXFileReference; explicitFileType = wrapper.cfbundle; includeInIndex = 0; path = TestMaxTests.xctest; sourceTree = BUILT_PRODUCTS_DIR; };
		868FBD141C812AA100F8F412 /* TestMaxTests.swift */ = {isa = PBXFileReference; lastKnownFileType = sourcecode.swift; path = TestMaxTests.swift; sourceTree = "<group>"; };
		868FBD161C812AA100F8F412 /* Info.plist */ = {isa = PBXFileReference; lastKnownFileType = text.plist.xml; path = Info.plist; sourceTree = "<group>"; };
		868FBD1B1C812AA100F8F412 /* TestMaxUITests.xctest */ = {isa = PBXFileReference; explicitFileType = wrapper.cfbundle; includeInIndex = 0; path = TestMaxUITests.xctest; sourceTree = BUILT_PRODUCTS_DIR; };
		868FBD1F1C812AA100F8F412 /* TestMaxUITests.swift */ = {isa = PBXFileReference; lastKnownFileType = sourcecode.swift; path = TestMaxUITests.swift; sourceTree = "<group>"; };
		868FBD211C812AA100F8F412 /* Info.plist */ = {isa = PBXFileReference; lastKnownFileType = text.plist.xml; path = Info.plist; sourceTree = "<group>"; };
/* End PBXFileReference section */

/* Begin PBXFrameworksBuildPhase section */
		868FBCF61C812AA100F8F412 /* Frameworks */ = {
			isa = PBXFrameworksBuildPhase;
			buildActionMask = 2147483647;
			files = (
			);
			runOnlyForDeploymentPostprocessing = 0;
		};
		868FBD0D1C812AA100F8F412 /* Frameworks */ = {
			isa = PBXFrameworksBuildPhase;
			buildActionMask = 2147483647;
			files = (
			);
			runOnlyForDeploymentPostprocessing = 0;
		};
		868FBD181C812AA100F8F412 /* Frameworks */ = {
			isa = PBXFrameworksBuildPhase;
			buildActionMask = 2147483647;
			files = (
			);
			runOnlyForDeploymentPostprocessing = 0;
		};
/* End PBXFrameworksBuildPhase section */

/* Begin PBXGroup section */
		868FBCF01C812AA000F8F412 = {
			isa = PBXGroup;
			children = (
				868FBCFB1C812AA100F8F412 /* TestMax */,
				868FBD131C812AA100F8F412 /* TestMaxTests */,
				868FBD1E1C812AA100F8F412 /* TestMaxUITests */,
				868FBCFA1C812AA100F8F412 /* Products */,
			);
			sourceTree = "<group>";
		};
		868FBCFA1C812AA100F8F412 /* Products */ = {
			isa = PBXGroup;
			children = (
				868FBCF91C812AA100F8F412 /* TestMax.app */,
				868FBD101C812AA100F8F412 /* TestMaxTests.xctest */,
				868FBD1B1C812AA100F8F412 /* TestMaxUITests.xctest */,
			);
			name = Products;
			sourceTree = "<group>";
		};
		868FBCFB1C812AA100F8F412 /* TestMax */ = {
			isa = PBXGroup;
			children = (
				868FBCFC1C812AA100F8F412 /* AppDelegate.swift */,
				868FBCFE1C812AA100F8F412 /* ViewController.swift */,
				868FBD001C812AA100F8F412 /* Main.storyboard */,
				868FBD061C812AA100F8F412 /* Assets.xcassets */,
				868FBD081C812AA100F8F412 /* LaunchScreen.storyboard */,
				868FBD0B1C812AA100F8F412 /* Info.plist */,
				868FBD031C812AA100F8F412 /* TestMax.xcdatamodeld */,
			);
			path = TestMax;
			sourceTree = "<group>";
		};
		868FBD131C812AA100F8F412 /* TestMaxTests */ = {
			isa = PBXGroup;
			children = (
				868FBD141C812AA100F8F412 /* TestMaxTests.swift */,
				868FBD161C812AA100F8F412 /* Info.plist */,
			);
			path = TestMaxTests;
			sourceTree = "<group>";
		};
		868FBD1E1C812AA100F8F412 /* TestMaxUITests */ = {
			isa = PBXGroup;
			children = (
				868FBD1F1C812AA100F8F412 /* TestMaxUITests.swift */,
				868FBD211C812AA100F8F412 /* Info.plist */,
			);
			path = TestMaxUITests;
			sourceTree = "<group>";
		};
/* End PBXGroup section */

/* Begin PBXNativeTarget section */
		868FBCF81C812AA100F8F412 /* TestMax */ = {
			isa = PBXNativeTarget;
			buildConfigurationList = 868FBD241C812AA100F8F412 /* Build configuration list for PBXNativeTarget "TestMax" */;
			buildPhases = (
				868FBCF51C812AA100F8F412 /* Sources */,
				868FBCF61C812AA100F8F412 /* Frameworks */,
				868FBCF71C812AA100F8F412 /* Resources */,
			);
			buildRules = (
			);
			dependencies = (
			);
			name = TestMax;
			productName = TestMax;
			productReference = 868FBCF91C812AA100F8F412 /* TestMax.app */;
			productType = "com.apple.product-type.application";
		};
		868FBD0F1C812AA100F8F412 /* TestMaxTests */ = {
			isa = PBXNativeTarget;
			buildConfigurationList = 868FBD271C812AA100F8F412 /* Build configuration list for PBXNativeTarget "TestMaxTests" */;
			buildPhases = (
				868FBD0C1C812AA100F8F412 /* Sources */,
				868FBD0D1C812AA100F8F412 /* Frameworks */,
				868FBD0E1C812AA100F8F412 /* Resources */,
			);
			buildRules = (
			);
			dependencies = (
				868FBD121C812AA100F8F412 /* PBXTargetDependency */,
			);
			name = TestMaxTests;
			productName = TestMaxTests;
			productReference = 868FBD101C812AA100F8F412 /* TestMaxTests.xctest */;
			productType = "com.apple.product-type.bundle.unit-test";
		};
		868FBD1A1C812AA100F8F412 /* TestMaxUITests */ = {
			isa = PBXNativeTarget;
			buildConfigurationList = 868FBD2A1C812AA100F8F412 /* Build configuration list for PBXNativeTarget "TestMaxUITests" */;
			buildPhases = (
				868FBD171C812AA100F8F412 /* Sources */,
				868FBD181C812AA100F8F412 /* Frameworks */,
				868FBD191C812AA100F8F412 /* Resources */,
			);
			buildRules = (
			);
			dependencies = (
				868FBD1D1C812AA100F8F412 /* PBXTargetDependency */,
			);
			name = TestMaxUITests;
			productName = TestMaxUITests;
			productReference = 868FBD1B1C812AA100F8F412 /* TestMaxUITests.xctest */;
			productType = "com.apple.product-type.bundle.ui-testing";
		};
/* End PBXNativeTarget section */

/* Begin PBXProject section */
		868FBCF11C812AA000F8F412 /* Project object */ = {
			isa = PBXProject;
			attributes = {
				LastSwiftUpdateCheck = 0720;
				LastUpgradeCheck = 0720;
				ORGANIZATIONNAME = "Huiyuan Ren";
				TargetAttributes = {
					868FBCF81C812AA100F8F412 = {
						CreatedOnToolsVersion = 7.2.1;
					};
					868FBD0F1C812AA100F8F412 = {
						CreatedOnToolsVersion = 7.2.1;
						TestTargetID = 868FBCF81C812AA100F8F412;
					};
					868FBD1A1C812AA100F8F412 = {
						CreatedOnToolsVersion = 7.2.1;
						TestTargetID = 868FBCF81C812AA100F8F412;
					};
				};
			};
			buildConfigurationList = 868FBCF41C812AA000F8F412 /* Build configuration list for PBXProject "TestMax" */;
			compatibilityVersion = "Xcode 3.2";
			developmentRegion = English;
			hasScannedForEncodings = 0;
			knownRegions = (
				en,
				Base,
			);
			mainGroup = 868FBCF01C812AA000F8F412;
			productRefGroup = 868FBCFA1C812AA100F8F412 /* Products */;
			projectDirPath = "";
			projectRoot = "";
			targets = (
				868FBCF81C812AA100F8F412 /* TestMax */,
				868FBD0F1C812AA100F8F412 /* TestMaxTests */,
				868FBD1A1C812AA100F8F412 /* TestMaxUITests */,
			);
		};
/* End PBXProject section */

/* Begin PBXResourcesBuildPhase section */
		868FBCF71C812AA100F8F412 /* Resources */ = {
			isa = PBXResourcesBuildPhase;
			buildActionMask = 2147483647;
			files = (
				868FBD0A1C812AA100F8F412 /* LaunchScreen.storyboard in Resources */,
				868FBD071C812AA100F8F412 /* Assets.xcassets in Resources */,
				868FBD021C812AA100F8F412 /* Main.storyboard in Resources */,
			);
			runOnlyForDeploymentPostprocessing = 0;
		};
		868FBD0E1C812AA100F8F412 /* Resources */ = {
			isa = PBXResourcesBuildPhase;
			buildActionMask = 2147483647;
			files = (
			);
			runOnlyForDeploymentPostprocessing = 0;
		};
		868FBD191C812AA100F8F412 /* Resources */ = {
			isa = PBXResourcesBuildPhase;
			buildActionMask = 2147483647;
			files = (
			);
			runOnlyForDeploymentPostprocessing = 0;
		};
/* End PBXResourcesBuildPhase section */

/* Begin PBXSourcesBuildPhase section */
		868FBCF51C812AA100F8F412 /* Sources */ = {
			isa = PBXSourcesBuildPhase;
			buildActionMask = 2147483647;
			files = (
				868FBCFF1C812AA100F8F412 /* ViewController.swift in Sources */,
				868FBCFD1C812AA100F8F412 /* AppDelegate.swift in Sources */,
				868FBD051C812AA100F8F412 /* TestMax.xcdatamodeld in Sources */,
			);
			runOnlyForDeploymentPostprocessing = 0;
		};
		868FBD0C1C812AA100F8F412 /* Sources */ = {
			isa = PBXSourcesBuildPhase;
			buildActionMask = 2147483647;
			files = (
				868FBD151C812AA100F8F412 /* TestMaxTests.swift in Sources */,
			);
			runOnlyForDeploymentPostprocessing = 0;
		};
		868FBD171C812AA100F8F412 /* Sources */ = {
			isa = PBXSourcesBuildPhase;
			buildActionMask = 2147483647;
			files = (
				868FBD201C812AA100F8F412 /* TestMaxUITests.swift in Sources */,
			);
			runOnlyForDeploymentPostprocessing = 0;
		};
/* End PBXSourcesBuildPhase section */

/* Begin PBXTargetDependency section */
		868FBD121C812AA100F8F412 /* PBXTargetDependency */ = {
			isa = PBXTargetDependency;
			target = 868FBCF81C812AA100F8F412 /* TestMax */;
			targetProxy = 868FBD111C812AA100F8F412 /* PBXContainerItemProxy */;
		};
		868FBD1D1C812AA100F8F412 /* PBXTargetDependency */ = {
			isa = PBXTargetDependency;
			target = 868FBCF81C812AA100F8F412 /* TestMax */;
			targetProxy = 868FBD1C1C812AA100F8F412 /* PBXContainerItemProxy */;
		};
/* End PBXTargetDependency section */

/* Begin PBXVariantGroup section */
		868FBD001C812AA100F8F412 /* Main.storyboard */ = {
			isa = PBXVariantGroup;
			children = (
				868FBD011C812AA100F8F412 /* Base */,
			);
			name = Main.storyboard;
			sourceTree = "<group>";
		};
		868FBD081C812AA100F8F412 /* LaunchScreen.storyboard */ = {
			isa = PBXVariantGroup;
			children = (
				868FBD091C812AA100F8F412 /* Base */,
			);
			name = LaunchScreen.storyboard;
			sourceTree = "<group>";
		};
/* End PBXVariantGroup section */

/* Begin XCBuildConfiguration section */
		868FBD221C812AA100F8F412 /* Debug */ = {
			isa = XCBuildConfiguration;
			buildSettings = {
				ALWAYS_SEARCH_USER_PATHS = NO;
				CLANG_CXX_LANGUAGE_STANDARD = "gnu++0x";
				CLANG_CXX_LIBRARY = "libc++";
				CLANG_ENABLE_MODULES = YES;
				CLANG_ENABLE_OBJC_ARC = YES;
				CLANG_WARN_BOOL_CONVERSION = YES;
				CLANG_WARN_CONSTANT_CONVERSION = YES;
				CLANG_WARN_DIRECT_OBJC_ISA_USAGE = YES_ERROR;
				CLANG_WARN_EMPTY_BODY = YES;
				CLANG_WARN_ENUM_CONVERSION = YES;
				CLANG_WARN_INT_CONVERSION = YES;
				CLANG_WARN_OBJC_ROOT_CLASS = YES_ERROR;
				CLANG_WARN_UNREACHABLE_CODE = YES;
				CLANG_WARN__DUPLICATE_METHOD_MATCH = YES;
				"CODE_SIGN_IDENTITY[sdk=iphoneos*]" = "iPhone Developer";
				COPY_PHASE_STRIP = NO;
				DEBUG_INFORMATION_FORMAT = dwarf;
				ENABLE_STRICT_OBJC_MSGSEND = YES;
				ENABLE_TESTABILITY = YES;
				GCC_C_LANGUAGE_STANDARD = gnu99;
				GCC_DYNAMIC_NO_PIC = NO;
				GCC_NO_COMMON_BLOCKS = YES;
				GCC_OPTIMIZATION_LEVEL = 0;
				GCC_PREPROCESSOR_DEFINITIONS = (
					"DEBUG=1",
					"$(inherited)",
				);
				GCC_WARN_64_TO_32_BIT_CONVERSION = YES;
				GCC_WARN_ABOUT_RETURN_TYPE = YES_ERROR;
				GCC_WARN_UNDECLARED_SELECTOR = YES;
				GCC_WARN_UNINITIALIZED_AUTOS = YES_AGGRESSIVE;
				GCC_WARN_UNUSED_FUNCTION = YES;
				GCC_WARN_UNUSED_VARIABLE = YES;
				IPHONEOS_DEPLOYMENT_TARGET = 9.2;
				MTL_ENABLE_DEBUG_INFO = YES;
				ONLY_ACTIVE_ARCH = YES;
				SDKROOT = iphoneos;
				SWIFT_OPTIMIZATION_LEVEL = "-Onone";
			};
			name = Debug;
		};
		868FBD231C812AA100F8F412 /* Release */ = {
			isa = XCBuildConfiguration;
			buildSettings = {
				ALWAYS_SEARCH_USER_PATHS = NO;
				CLANG_CXX_LANGUAGE_STANDARD = "gnu++0x";
				CLANG_CXX_LIBRARY = "libc++";
				CLANG_ENABLE_MODULES = YES;
				CLANG_ENABLE_OBJC_ARC = YES;
				CLANG_WARN_BOOL_CONVERSION = YES;
				CLANG_WARN_CONSTANT_CONVERSION = YES;
				CLANG_WARN_DIRECT_OBJC_ISA_USAGE = YES_ERROR;
				CLANG_WARN_EMPTY_BODY = YES;
				CLANG_WARN_ENUM_CONVERSION = YES;
				CLANG_WARN_INT_CONVERSION = YES;
				CLANG_WARN_OBJC_ROOT_CLASS = YES_ERROR;
				CLANG_WARN_UNREACHABLE_CODE = YES;
				CLANG_WARN__DUPLICATE_METHOD_MATCH = YES;
				"CODE_SIGN_IDENTITY[sdk=iphoneos*]" = "iPhone Developer";
				COPY_PHASE_STRIP = NO;
				DEBUG_INFORMATION_FORMAT = "dwarf-with-dsym";
				ENABLE_NS_ASSERTIONS = NO;
				ENABLE_STRICT_OBJC_MSGSEND = YES;
				GCC_C_LANGUAGE_STANDARD = gnu99;
				GCC_NO_COMMON_BLOCKS = YES;
				GCC_WARN_64_TO_32_BIT_CONVERSION = YES;
				GCC_WARN_ABOUT_RETURN_TYPE = YES_ERROR;
				GCC_WARN_UNDECLARED_SELECTOR = YES;
				GCC_WARN_UNINITIALIZED_AUTOS = YES_AGGRESSIVE;
				GCC_WARN_UNUSED_FUNCTION = YES;
				GCC_WARN_UNUSED_VARIABLE = YES;
				IPHONEOS_DEPLOYMENT_TARGET = 9.2;
				MTL_ENABLE_DEBUG_INFO = NO;
				SDKROOT = iphoneos;
				VALIDATE_PRODUCT = YES;
			};
			name = Release;
		};
		868FBD251C812AA100F8F412 /* Debug */ = {
			isa = XCBuildConfiguration;
			buildSettings = {
				ASSETCATALOG_COMPILER_APPICON_NAME = AppIcon;
				INFOPLIST_FILE = TestMax/Info.plist;
				LD_RUNPATH_SEARCH_PATHS = "$(inherited) @executable_path/Frameworks";
				PRODUCT_BUNDLE_IDENTIFIER = Ren.TestMax;
				PRODUCT_NAME = "$(TARGET_NAME)";
			};
			name = Debug;
		};
		868FBD261C812AA100F8F412 /* Release */ = {
			isa = XCBuildConfiguration;
			buildSettings = {
				ASSETCATALOG_COMPILER_APPICON_NAME = AppIcon;
				INFOPLIST_FILE = TestMax/Info.plist;
				LD_RUNPATH_SEARCH_PATHS = "$(inherited) @executable_path/Frameworks";
				PRODUCT_BUNDLE_IDENTIFIER = Ren.TestMax;
				PRODUCT_NAME = "$(TARGET_NAME)";
			};
			name = Release;
		};
		868FBD281C812AA100F8F412 /* Debug */ = {
			isa = XCBuildConfiguration;
			buildSettings = {
				BUNDLE_LOADER = "$(TEST_HOST)";
				INFOPLIST_FILE = TestMaxTests/Info.plist;
				LD_RUNPATH_SEARCH_PATHS = "$(inherited) @executable_path/Frameworks @loader_path/Frameworks";
				PRODUCT_BUNDLE_IDENTIFIER = Ren.TestMaxTests;
				PRODUCT_NAME = "$(TARGET_NAME)";
				TEST_HOST = "$(BUILT_PRODUCTS_DIR)/TestMax.app/TestMax";
			};
			name = Debug;
		};
		868FBD291C812AA100F8F412 /* Release */ = {
			isa = XCBuildConfiguration;
			buildSettings = {
				BUNDLE_LOADER = "$(TEST_HOST)";
				INFOPLIST_FILE = TestMaxTests/Info.plist;
				LD_RUNPATH_SEARCH_PATHS = "$(inherited) @executable_path/Frameworks @loader_path/Frameworks";
				PRODUCT_BUNDLE_IDENTIFIER = Ren.TestMaxTests;
				PRODUCT_NAME = "$(TARGET_NAME)";
				TEST_HOST = "$(BUILT_PRODUCTS_DIR)/TestMax.app/TestMax";
			};
			name = Release;
		};
		868FBD2B1C812AA100F8F412 /* Debug */ = {
			isa = XCBuildConfiguration;
			buildSettings = {
				INFOPLIST_FILE = TestMaxUITests/Info.plist;
				LD_RUNPATH_SEARCH_PATHS = "$(inherited) @executable_path/Frameworks @loader_path/Frameworks";
				PRODUCT_BUNDLE_IDENTIFIER = Ren.TestMaxUITests;
				PRODUCT_NAME = "$(TARGET_NAME)";
				TEST_TARGET_NAME = TestMax;
				USES_XCTRUNNER = YES;
			};
			name = Debug;
		};
		868FBD2C1C812AA100F8F412 /* Release */ = {
			isa = XCBuildConfiguration;
			buildSettings = {
				INFOPLIST_FILE = TestMaxUITests/Info.plist;
				LD_RUNPATH_SEARCH_PATHS = "$(inherited) @executable_path/Frameworks @loader_path/Frameworks";
				PRODUCT_BUNDLE_IDENTIFIER = Ren.TestMaxUITests;
				PRODUCT_NAME = "$(TARGET_NAME)";
				TEST_TARGET_NAME = TestMax;
				USES_XCTRUNNER = YES;
			};
			name = Release;
		};
/* End XCBuildConfiguration section */

/* Begin XCConfigurationList section */
		868FBCF41C812AA000F8F412 /* Build configuration list for PBXProject "TestMax" */ = {
			isa = XCConfigurationList;
			buildConfigurations = (
				868FBD221C812AA100F8F412 /* Debug */,
				868FBD231C812AA100F8F412 /* Release */,
			);
			defaultConfigurationIsVisible = 0;
			defaultConfigurationName = Release;
		};
		868FBD241C812AA100F8F412 /* Build configuration list for PBXNativeTarget "TestMax" */ = {
			isa = XCConfigurationList;
			buildConfigurations = (
				868FBD251C812AA100F8F412 /* Debug */,
				868FBD261C812AA100F8F412 /* Release */,
			);
			defaultConfigurationIsVisible = 0;
		};
		868FBD271C812AA100F8F412 /* Build configuration list for PBXNativeTarget "TestMaxTests" */ = {
			isa = XCConfigurationList;
			buildConfigurations = (
				868FBD281C812AA100F8F412 /* Debug */,
				868FBD291C812AA100F8F412 /* Release */,
			);
			defaultConfigurationIsVisible = 0;
		};
		868FBD2A1C812AA100F8F412 /* Build configuration list for PBXNativeTarget "TestMaxUITests" */ = {
			isa = XCConfigurationList;
			buildConfigurations = (
				868FBD2B1C812AA100F8F412 /* Debug */,
				868FBD2C1C812AA100F8F412 /* Release */,
			);
			defaultConfigurationIsVisible = 0;
		};
/* End XCConfigurationList section */

/* Begin XCVersionGroup section */
		868FBD031C812AA100F8F412 /* TestMax.xcdatamodeld */ = {
			isa = XCVersionGroup;
			children = (
				868FBD041C812AA100F8F412 /* TestMax.xcdatamodel */,
			);
			currentVersion = 868FBD041C812AA100F8F412 /* TestMax.xcdatamodel */;
			path = TestMax.xcdatamodeld;
			sourceTree = "<group>";
			versionGroupType = wrapper.xcdatamodel;
		};
/* End XCVersionGroup section */
	};
	rootObject = 868FBCF11C812AA000F8F412 /* Project object */;
}
